
Microsoft Visual Studio Solution File, Format Version 12.00
# Visual Studio Version 17
VisualStudioVersion = 17.14.36705.20 d17.14
MinimumVisualStudioVersion = 10.0.40219.1
Project("{FAE04EC0-301F-11D3-BF4B-00C04F79EFBC}") = "Exercise1-StudentManagement", "Exercise1-StudentManagement\Exercise1-StudentManagement.csproj", "{F4D6C1B1-161F-4C2B-B113-8957BDF6F1BA}"
EndProject
Global
	GlobalSection(SolutionConfigurationPlatforms) = preSolution
		Debug|Any CPU = Debug|Any CPU
		Release|Any CPU = Release|Any CPU
	EndGlobalSection
	GlobalSection(ProjectConfigurationPlatforms) = postSolution
		{F4D6C1B1-161F-4C2B-B113-8957BDF6F1BA}.Debug|Any CPU.ActiveCfg = Debug|Any CPU
		{F4D6C1B1-161F-4C2B-B113-8957BDF6F1BA}.Debug|Any CPU.Build.0 = Debug|Any CPU
		{F4D6C1B1-161F-4C2B-B113-8957BDF6F1BA}.Release|Any CPU.ActiveCfg = Release|Any CPU
		{F4D6C1B1-161F-4C2B-B113-8957BDF6F1BA}.Release|Any CPU.Build.0 = Release|Any CPU
	EndGlobalSection
	GlobalSection(SolutionProperties) = preSolution
		HideSolutionNode = FALSE
	EndGlobalSection
	GlobalSection(ExtensibilityGlobals) = postSolution
		SolutionGuid = {64EAC19E-1854-49FC-9158-9DECEA6A902B}
	EndGlobalSection
EndGlobal
